
Microsoft Visual Studio Solution File, Format Version 12.00
# Visual Studio Version 17
VisualStudioVersion = 17.0.32014.148
MinimumVisualStudioVersion = 10.0.40219.1
Project("{FAE04EC0-301F-11D3-BF4B-00C04F79EFBC}") = "AbstrakteKlassen", "AbstrakteKlassen.csproj", "{072365EA-07BC-4BB9-B081-8A515FCAF178}"
EndProject
Global
	GlobalSection(SolutionConfigurationPlatforms) = preSolution
		Debug|Any CPU = Debug|Any CPU
		Release|Any CPU = Release|Any CPU
	EndGlobalSection
	GlobalSection(ProjectConfigurationPlatforms) = postSolution
		{072365EA-07BC-4BB9-B081-8A515FCAF178}.Debug|Any CPU.ActiveCfg = Debug|Any CPU
		{072365EA-07BC-4BB9-B081-8A515FCAF178}.Debug|Any CPU.Build.0 = Debug|Any CPU
		{072365EA-07BC-4BB9-B081-8A515FCAF178}.Release|Any CPU.ActiveCfg = Release|Any CPU
		{072365EA-07BC-4BB9-B081-8A515FCAF178}.Release|Any CPU.Build.0 = Release|Any CPU
	EndGlobalSection
	GlobalSection(SolutionProperties) = preSolution
		HideSolutionNode = FALSE
	EndGlobalSection
	GlobalSection(ExtensibilityGlobals) = postSolution
		SolutionGuid = {86D7AB4A-C711-4941-AEBD-54C6ABE61B5D}
	EndGlobalSection
EndGlobal
